
Microsoft Visual Studio Solution File, Format Version 12.00
# Visual Studio Version 16
VisualStudioVersion = 16.0.30114.105
MinimumVisualStudioVersion = 10.0.40219.1
Project("{FAE04EC0-301F-11D3-BF4B-00C04F79EFBC}") = "challenge", "challenge\challenge.csproj", "{BC95CA2F-00A1-461C-B31D-152B576F8C36}"
EndProject
Global
	GlobalSection(SolutionConfigurationPlatforms) = preSolution
		Debug|Any CPU = Debug|Any CPU
		Release|Any CPU = Release|Any CPU
	EndGlobalSection
	GlobalSection(SolutionProperties) = preSolution
		HideSolutionNode = FALSE
	EndGlobalSection
	GlobalSection(ProjectConfigurationPlatforms) = postSolution
		{BC95CA2F-00A1-461C-B31D-152B576F8C36}.Debug|Any CPU.ActiveCfg = Debug|Any CPU
		{BC95CA2F-00A1-461C-B31D-152B576F8C36}.Debug|Any CPU.Build.0 = Debug|Any CPU
		{BC95CA2F-00A1-461C-B31D-152B576F8C36}.Release|Any CPU.ActiveCfg = Release|Any CPU
		{BC95CA2F-00A1-461C-B31D-152B576F8C36}.Release|Any CPU.Build.0 = Release|Any CPU
	EndGlobalSection
EndGlobal
